{
  "name": "gatezh-blog",
  "version": "1.0.0",
  "lockfileVersion": 3,
  "requires": true,
  "packages": {
    "": {
      "name": "gatezh-blog",
      "version": "1.0.0",
      "devDependencies": {
        "tailwindcss": "4.1.17"
      }
    },
    "node_modules/tailwindcss": {
      "version": "4.1.17",
      "dev": true,
      "license": "MIT"
    }
  }
}
